
Microsoft Visual Studio Solution File, Format Version 12.00
# Visual Studio 2013
VisualStudioVersion = 12.0.31101.0
MinimumVisualStudioVersion = 10.0.40219.1
Project("{6989167D-11E4-40FE-8C1A-2192A86A7E90}") = "FVCOMLAKE", "FVCOMLAKE.vfproj", "{539349EF-229B-4D41-BE23-BD0CB1555515}"
EndProject
Global
	GlobalSection(SolutionConfigurationPlatforms) = preSolution
		Debug|Win32 = Debug|Win32
		Debug|x64 = Debug|x64
		Release|Win32 = Release|Win32
		Release|x64 = Release|x64
	EndGlobalSection
	GlobalSection(ProjectConfigurationPlatforms) = postSolution
		{539349EF-229B-4D41-BE23-BD0CB1555515}.Debug|Win32.ActiveCfg = Debug|x64
		{539349EF-229B-4D41-BE23-BD0CB1555515}.Debug|Win32.Build.0 = Debug|x64
		{539349EF-229B-4D41-BE23-BD0CB1555515}.Debug|x64.ActiveCfg = Debug|x64
		{539349EF-229B-4D41-BE23-BD0CB1555515}.Debug|x64.Build.0 = Debug|x64
		{539349EF-229B-4D41-BE23-BD0CB1555515}.Release|Win32.ActiveCfg = Release|Win32
		{539349EF-229B-4D41-BE23-BD0CB1555515}.Release|Win32.Build.0 = Release|Win32
		{539349EF-229B-4D41-BE23-BD0CB1555515}.Release|x64.ActiveCfg = Release|x64
		{539349EF-229B-4D41-BE23-BD0CB1555515}.Release|x64.Build.0 = Release|x64
	EndGlobalSection
	GlobalSection(SolutionProperties) = preSolution
		HideSolutionNode = FALSE
	EndGlobalSection
EndGlobal
